// !$*UTF8*$!
{
	archiveVersion = 1;
	classes = {
	};
	objectVersion = 48;
	objects = {

/* Begin PBXBuildFile section */
		813743CF1FEB5AC200857CFD /* AppDelegate.m in Sources */ = {isa = PBXBuildFile; fileRef = 813743CE1FEB5AC200857CFD /* AppDelegate.m */; };
		813743D21FEB5AC200857CFD /* ViewController.m in Sources */ = {isa = PBXBuildFile; fileRef = 813743D11FEB5AC200857CFD /* ViewController.m */; };
		813743D71FEB5AC200857CFD /* Assets.xcassets in Resources */ = {isa = PBXBuildFile; fileRef = 813743D61FEB5AC200857CFD /* Assets.xcassets */; };
		813743DD1FEB5AC200857CFD /* main.m in Sources */ = {isa = PBXBuildFile; fileRef = 813743DC1FEB5AC200857CFD /* main.m */; };
		813743E51FEB5D4600857CFD /* MainViewController.m in Sources */ = {isa = PBXBuildFile; fileRef = 813743E41FEB5D4600857CFD /* MainViewController.m */; };
		813743E81FEB5F0900857CFD /* RunLoopViewController.m in Sources */ = {isa = PBXBuildFile; fileRef = 813743E71FEB5F0900857CFD /* RunLoopViewController.m */; };
		8162A5461FECFDAC007E5AAC /* BaoXianOperation.m in Sources */ = {isa = PBXBuildFile; fileRef = 8162A5451FECFDAC007E5AAC /* BaoXianOperation.m */; };
		8168856F204E41E500932943 /* DesignPatternsViewController.m in Sources */ = {isa = PBXBuildFile; fileRef = 8168856E204E41E500932943 /* DesignPatternsViewController.m */; };
		81688573204EAB3500932943 /* DesignClassViewController.m in Sources */ = {isa = PBXBuildFile; fileRef = 81688572204EAB3500932943 /* DesignClassViewController.m */; };
		81688576204FD29400932943 /* DesignMViewController.m in Sources */ = {isa = PBXBuildFile; fileRef = 81688575204FD29400932943 /* DesignMViewController.m */; };
		8168857D204FE05000932943 /* HBXDelegateViewController.m in Sources */ = {isa = PBXBuildFile; fileRef = 8168857C204FE05000932943 /* HBXDelegateViewController.m */; };
		81688580204FE6AD00932943 /* Person.m in Sources */ = {isa = PBXBuildFile; fileRef = 8168857F204FE6AD00932943 /* Person.m */; };
		81688587204FEB1B00932943 /* read3.json in Resources */ = {isa = PBXBuildFile; fileRef = 81688581204FEB1B00932943 /* read3.json */; };
		81688588204FEB1B00932943 /* read4.json in Resources */ = {isa = PBXBuildFile; fileRef = 81688582204FEB1B00932943 /* read4.json */; };
		81688589204FEB1B00932943 /* 堆栈关系.json in Resources */ = {isa = PBXBuildFile; fileRef = 81688583204FEB1B00932943 /* 堆栈关系.json */; };
		8168858A204FEB1B00932943 /* 知识点消息转发.json in Resources */ = {isa = PBXBuildFile; fileRef = 81688584204FEB1B00932943 /* 知识点消息转发.json */; };
		8168858B204FEB1B00932943 /* read6.json in Resources */ = {isa = PBXBuildFile; fileRef = 81688585204FEB1B00932943 /* read6.json */; };
		8168858C204FEB1B00932943 /* read5.json in Resources */ = {isa = PBXBuildFile; fileRef = 81688586204FEB1B00932943 /* read5.json */; };
		81B37FC22046A1E6006B1092 /* SocketViewController.m in Sources */ = {isa = PBXBuildFile; fileRef = 81B37FC12046A1E6006B1092 /* SocketViewController.m */; };
		81B5A2F31FEE8B1A0048D4B3 /* KVCAndKVOViewController.m in Sources */ = {isa = PBXBuildFile; fileRef = 81B5A2F21FEE8B1A0048D4B3 /* KVCAndKVOViewController.m */; };
		81B5A2F61FEE8B5C0048D4B3 /* Person.m in Sources */ = {isa = PBXBuildFile; fileRef = 81B5A2F51FEE8B5C0048D4B3 /* Person.m */; };
		81B5A2F91FEE8DE40048D4B3 /* Dog.m in Sources */ = {isa = PBXBuildFile; fileRef = 81B5A2F81FEE8DE40048D4B3 /* Dog.m */; };
		81B5A2FC1FEE918B0048D4B3 /* NSObject+BaoXianKVC.m in Sources */ = {isa = PBXBuildFile; fileRef = 81B5A2FB1FEE918B0048D4B3 /* NSObject+BaoXianKVC.m */; };
		81E020DB1FEB98E9009709AA /* controllerConfig.json in Resources */ = {isa = PBXBuildFile; fileRef = 81E020DA1FEB98E9009709AA /* controllerConfig.json */; };
		81E020DE1FEB9C99009709AA /* MENU.JSON in Resources */ = {isa = PBXBuildFile; fileRef = 81E020DD1FEB9C99009709AA /* MENU.JSON */; };
		81E020E21FEC9FAE009709AA /* ThreadViewController.m in Sources */ = {isa = PBXBuildFile; fileRef = 81E020E11FEC9FAE009709AA /* ThreadViewController.m */; };
		81E66DD51FF51E360077CCCB /* RunViewController.m in Sources */ = {isa = PBXBuildFile; fileRef = 81E66DD41FF51E360077CCCB /* RunViewController.m */; };
		81E66DD81FF51E530077CCCB /* Persion.m in Sources */ = {isa = PBXBuildFile; fileRef = 81E66DD71FF51E530077CCCB /* Persion.m */; };
/* End PBXBuildFile section */

/* Begin PBXFileReference section */
		813743CA1FEB5AC100857CFD /* iOSTheRoadToTheAdvanced.app */ = {isa = PBXFileReference; explicitFileType = wrapper.application; includeInIndex = 0; path = iOSTheRoadToTheAdvanced.app; sourceTree = BUILT_PRODUCTS_DIR; };
		813743CD1FEB5AC200857CFD /* AppDelegate.h */ = {isa = PBXFileReference; lastKnownFileType = sourcecode.c.h; path = AppDelegate.h; sourceTree = "<group>"; };
		813743CE1FEB5AC200857CFD /* AppDelegate.m */ = {isa = PBXFileReference; lastKnownFileType = sourcecode.c.objc; path = AppDelegate.m; sourceTree = "<group>"; };
		813743D01FEB5AC200857CFD /* ViewController.h */ = {isa = PBXFileReference; lastKnownFileType = sourcecode.c.h; path = ViewController.h; sourceTree = "<group>"; };
		813743D11FEB5AC200857CFD /* ViewController.m */ = {isa = PBXFileReference; lastKnownFileType = sourcecode.c.objc; path = ViewController.m; sourceTree = "<group>"; };
		813743D61FEB5AC200857CFD /* Assets.xcassets */ = {isa = PBXFileReference; lastKnownFileType = folder.assetcatalog; path = Assets.xcassets; sourceTree = "<group>"; };
		813743DB1FEB5AC200857CFD /* Info.plist */ = {isa = PBXFileReference; lastKnownFileType = text.plist.xml; path = Info.plist; sourceTree = "<group>"; };
		813743DC1FEB5AC200857CFD /* main.m */ = {isa = PBXFileReference; lastKnownFileType = sourcecode.c.objc; path = main.m; sourceTree = "<group>"; };
		813743E31FEB5D4600857CFD /* MainViewController.h */ = {isa = PBXFileReference; lastKnownFileType = sourcecode.c.h; path = MainViewController.h; sourceTree = "<group>"; };
		813743E41FEB5D4600857CFD /* MainViewController.m */ = {isa = PBXFileReference; lastKnownFileType = sourcecode.c.objc; path = MainViewController.m; sourceTree = "<group>"; };
		813743E61FEB5F0900857CFD /* RunLoopViewController.h */ = {isa = PBXFileReference; lastKnownFileType = sourcecode.c.h; path = RunLoopViewController.h; sourceTree = "<group>"; };
		813743E71FEB5F0900857CFD /* RunLoopViewController.m */ = {isa = PBXFileReference; lastKnownFileType = sourcecode.c.objc; path = RunLoopViewController.m; sourceTree = "<group>"; };
		8162A5441FECFDAC007E5AAC /* BaoXianOperation.h */ = {isa = PBXFileReference; lastKnownFileType = sourcecode.c.h; path = BaoXianOperation.h; sourceTree = "<group>"; };
		8162A5451FECFDAC007E5AAC /* BaoXianOperation.m */ = {isa = PBXFileReference; lastKnownFileType = sourcecode.c.objc; path = BaoXianOperation.m; sourceTree = "<group>"; };
		8168856D204E41E500932943 /* DesignPatternsViewController.h */ = {isa = PBXFileReference; lastKnownFileType = sourcecode.c.h; path = DesignPatternsViewController.h; sourceTree = "<group>"; };
		8168856E204E41E500932943 /* DesignPatternsViewController.m */ = {isa = PBXFileReference; lastKnownFileType = sourcecode.c.objc; path = DesignPatternsViewController.m; sourceTree = "<group>"; };
		81688571204EAB3500932943 /* DesignClassViewController.h */ = {isa = PBXFileReference; lastKnownFileType = sourcecode.c.h; path = DesignClassViewController.h; sourceTree = "<group>"; };
		81688572204EAB3500932943 /* DesignClassViewController.m */ = {isa = PBXFileReference; lastKnownFileType = sourcecode.c.objc; path = DesignClassViewController.m; sourceTree = "<group>"; };
		81688574204FD29400932943 /* DesignMViewController.h */ = {isa = PBXFileReference; lastKnownFileType = sourcecode.c.h; path = DesignMViewController.h; sourceTree = "<group>"; };
		81688575204FD29400932943 /* DesignMViewController.m */ = {isa = PBXFileReference; lastKnownFileType = sourcecode.c.objc; path = DesignMViewController.m; sourceTree = "<group>"; };
		8168857B204FE05000932943 /* HBXDelegateViewController.h */ = {isa = PBXFileReference; lastKnownFileType = sourcecode.c.h; path = HBXDelegateViewController.h; sourceTree = "<group>"; };
		8168857C204FE05000932943 /* HBXDelegateViewController.m */ = {isa = PBXFileReference; lastKnownFileType = sourcecode.c.objc; path = HBXDelegateViewController.m; sourceTree = "<group>"; };
		8168857E204FE6AD00932943 /* Person.h */ = {isa = PBXFileReference; lastKnownFileType = sourcecode.c.h; path = Person.h; sourceTree = "<group>"; };
		8168857F204FE6AD00932943 /* Person.m */ = {isa = PBXFileReference; lastKnownFileType = sourcecode.c.objc; path = Person.m; sourceTree = "<group>"; };
		81688581204FEB1B00932943 /* read3.json */ = {isa = PBXFileReference; fileEncoding = 4; lastKnownFileType = text.json; path = read3.json; sourceTree = "<group>"; };
		81688582204FEB1B00932943 /* read4.json */ = {isa = PBXFileReference; fileEncoding = 4; lastKnownFileType = text.json; path = read4.json; sourceTree = "<group>"; };
		81688583204FEB1B00932943 /* 堆栈关系.json */ = {isa = PBXFileReference; fileEncoding = 4; lastKnownFileType = text.json; path = "堆栈关系.json"; sourceTree = "<group>"; };
		81688584204FEB1B00932943 /* 知识点消息转发.json */ = {isa = PBXFileReference; fileEncoding = 4; lastKnownFileType = text.json; path = "知识点消息转发.json"; sourceTree = "<group>"; };
		81688585204FEB1B00932943 /* read6.json */ = {isa = PBXFileReference; fileEncoding = 4; lastKnownFileType = text.json; path = read6.json; sourceTree = "<group>"; };
		81688586204FEB1B00932943 /* read5.json */ = {isa = PBXFileReference; fileEncoding = 4; lastKnownFileType = text.json; path = read5.json; sourceTree = "<group>"; };
		81B37FC02046A1E6006B1092 /* SocketViewController.h */ = {isa = PBXFileReference; lastKnownFileType = sourcecode.c.h; path = SocketViewController.h; sourceTree = "<group>"; };
		81B37FC12046A1E6006B1092 /* SocketViewController.m */ = {isa = PBXFileReference; lastKnownFileType = sourcecode.c.objc; path = SocketViewController.m; sourceTree = "<group>"; };
		81B5A2F11FEE8B1A0048D4B3 /* KVCAndKVOViewController.h */ = {isa = PBXFileReference; fileEncoding = 4; lastKnownFileType = sourcecode.c.h; path = KVCAndKVOViewController.h; sourceTree = "<group>"; };
		81B5A2F21FEE8B1A0048D4B3 /* KVCAndKVOViewController.m */ = {isa = PBXFileReference; fileEncoding = 4; lastKnownFileType = sourcecode.c.objc; path = KVCAndKVOViewController.m; sourceTree = "<group>"; };
		81B5A2F41FEE8B5C0048D4B3 /* Person.h */ = {isa = PBXFileReference; fileEncoding = 4; lastKnownFileType = sourcecode.c.h; path = Person.h; sourceTree = "<group>"; };
		81B5A2F51FEE8B5C0048D4B3 /* Person.m */ = {isa = PBXFileReference; fileEncoding = 4; lastKnownFileType = sourcecode.c.objc; path = Person.m; sourceTree = "<group>"; };
		81B5A2F71FEE8DE40048D4B3 /* Dog.h */ = {isa = PBXFileReference; fileEncoding = 4; lastKnownFileType = sourcecode.c.h; path = Dog.h; sourceTree = "<group>"; };
		81B5A2F81FEE8DE40048D4B3 /* Dog.m */ = {isa = PBXFileReference; fileEncoding = 4; lastKnownFileType = sourcecode.c.objc; path = Dog.m; sourceTree = "<group>"; };
		81B5A2FA1FEE918B0048D4B3 /* NSObject+BaoXianKVC.h */ = {isa = PBXFileReference; fileEncoding = 4; lastKnownFileType = sourcecode.c.h; path = "NSObject+BaoXianKVC.h"; sourceTree = "<group>"; };
		81B5A2FB1FEE918B0048D4B3 /* NSObject+BaoXianKVC.m */ = {isa = PBXFileReference; fileEncoding = 4; lastKnownFileType = sourcecode.c.objc; path = "NSObject+BaoXianKVC.m"; sourceTree = "<group>"; };
		81E020DA1FEB98E9009709AA /* controllerConfig.json */ = {isa = PBXFileReference; lastKnownFileType = text.json; path = controllerConfig.json; sourceTree = "<group>"; };
		81E020DD1FEB9C99009709AA /* MENU.JSON */ = {isa = PBXFileReference; fileEncoding = 4; lastKnownFileType = text.json; path = MENU.JSON; sourceTree = "<group>"; };
		81E020E01FEC9FAE009709AA /* ThreadViewController.h */ = {isa = PBXFileReference; lastKnownFileType = sourcecode.c.h; path = ThreadViewController.h; sourceTree = "<group>"; };
		81E020E11FEC9FAE009709AA /* ThreadViewController.m */ = {isa = PBXFileReference; lastKnownFileType = sourcecode.c.objc; path = ThreadViewController.m; sourceTree = "<group>"; };
		81E66DD31FF51E360077CCCB /* RunViewController.h */ = {isa = PBXFileReference; lastKnownFileType = sourcecode.c.h; path = RunViewController.h; sourceTree = "<group>"; };
		81E66DD41FF51E360077CCCB /* RunViewController.m */ = {isa = PBXFileReference; lastKnownFileType = sourcecode.c.objc; path = RunViewController.m; sourceTree = "<group>"; };
		81E66DD61FF51E530077CCCB /* Persion.h */ = {isa = PBXFileReference; lastKnownFileType = sourcecode.c.h; path = Persion.h; sourceTree = "<group>"; };
		81E66DD71FF51E530077CCCB /* Persion.m */ = {isa = PBXFileReference; lastKnownFileType = sourcecode.c.objc; path = Persion.m; sourceTree = "<group>"; };
/* End PBXFileReference section */

/* Begin PBXFrameworksBuildPhase section */
		813743C71FEB5AC100857CFD /* Frameworks */ = {
			isa = PBXFrameworksBuildPhase;
			buildActionMask = 2147483647;
			files = (
			);
			runOnlyForDeploymentPostprocessing = 0;
		};
/* End PBXFrameworksBuildPhase section */

/* Begin PBXGroup section */
		813743C11FEB5AC100857CFD = {
			isa = PBXGroup;
			children = (
				813743CC1FEB5AC100857CFD /* iOSTheRoadToTheAdvanced */,
				813743CB1FEB5AC100857CFD /* Products */,
			);
			sourceTree = "<group>";
		};
		813743CB1FEB5AC100857CFD /* Products */ = {
			isa = PBXGroup;
			children = (
				813743CA1FEB5AC100857CFD /* iOSTheRoadToTheAdvanced.app */,
			);
			name = Products;
			sourceTree = "<group>";
		};
		813743CC1FEB5AC100857CFD /* iOSTheRoadToTheAdvanced */ = {
			isa = PBXGroup;
			children = (
				81688583204FEB1B00932943 /* 堆栈关系.json */,
				81688584204FEB1B00932943 /* 知识点消息转发.json */,
				81688581204FEB1B00932943 /* read3.json */,
				81688582204FEB1B00932943 /* read4.json */,
				81688586204FEB1B00932943 /* read5.json */,
				81688585204FEB1B00932943 /* read6.json */,
				81688577204FE03F00932943 /* delegate */,
				81688569204E41CE00932943 /* DesignPatterns */,
				81B37FBC20469DEF006B1092 /* Socket */,
				81E66DCF1FF51DEE0077CCCB /* RunTimeViewController */,
				81B5A2F01FEE8AF10048D4B3 /* KVCAndKVO */,
				8162A5401FECEC9A007E5AAC /* theadController */,
				81E020DA1FEB98E9009709AA /* controllerConfig.json */,
				81E020DD1FEB9C99009709AA /* MENU.JSON */,
				817CE9161FEB979A008CC630 /* source */,
				817CE9121FEB971C008CC630 /* mainController */,
				813743CD1FEB5AC200857CFD /* AppDelegate.h */,
				813743CE1FEB5AC200857CFD /* AppDelegate.m */,
				813743D01FEB5AC200857CFD /* ViewController.h */,
				813743D11FEB5AC200857CFD /* ViewController.m */,
				813743E61FEB5F0900857CFD /* RunLoopViewController.h */,
				813743E71FEB5F0900857CFD /* RunLoopViewController.m */,
				813743D61FEB5AC200857CFD /* Assets.xcassets */,
				813743DB1FEB5AC200857CFD /* Info.plist */,
				813743DC1FEB5AC200857CFD /* main.m */,
			);
			path = iOSTheRoadToTheAdvanced;
			sourceTree = "<group>";
		};
		8162A5401FECEC9A007E5AAC /* theadController */ = {
			isa = PBXGroup;
			children = (
				8162A5411FECEC9A007E5AAC /* controller */,
				8162A5421FECEC9A007E5AAC /* model */,
				8162A5431FECEC9A007E5AAC /* view */,
			);
			path = theadController;
			sourceTree = "<group>";
		};
		8162A5411FECEC9A007E5AAC /* controller */ = {
			isa = PBXGroup;
			children = (
				81E020E01FEC9FAE009709AA /* ThreadViewController.h */,
				81E020E11FEC9FAE009709AA /* ThreadViewController.m */,
			);
			path = controller;
			sourceTree = "<group>";
		};
		8162A5421FECEC9A007E5AAC /* model */ = {
			isa = PBXGroup;
			children = (
				8162A5441FECFDAC007E5AAC /* BaoXianOperation.h */,
				8162A5451FECFDAC007E5AAC /* BaoXianOperation.m */,
			);
			path = model;
			sourceTree = "<group>";
		};
		8162A5431FECEC9A007E5AAC /* view */ = {
			isa = PBXGroup;
			children = (
			);
			path = view;
			sourceTree = "<group>";
		};
		81688569204E41CE00932943 /* DesignPatterns */ = {
			isa = PBXGroup;
			children = (
				8168856A204E41CE00932943 /* controller */,
				8168856B204E41CE00932943 /* model */,
				8168856C204E41CE00932943 /* view */,
			);
			path = DesignPatterns;
			sourceTree = "<group>";
		};
		8168856A204E41CE00932943 /* controller */ = {
			isa = PBXGroup;
			children = (
				8168856D204E41E500932943 /* DesignPatternsViewController.h */,
				8168856E204E41E500932943 /* DesignPatternsViewController.m */,
				81688571204EAB3500932943 /* DesignClassViewController.h */,
				81688572204EAB3500932943 /* DesignClassViewController.m */,
				81688574204FD29400932943 /* DesignMViewController.h */,
				81688575204FD29400932943 /* DesignMViewController.m */,
			);
			path = controller;
			sourceTree = "<group>";
		};
		8168856B204E41CE00932943 /* model */ = {
			isa = PBXGroup;
			children = (
			);
			path = model;
			sourceTree = "<group>";
		};
		8168856C204E41CE00932943 /* view */ = {
			isa = PBXGroup;
			children = (
			);
			path = view;
			sourceTree = "<group>";
		};
		81688577204FE03F00932943 /* delegate */ = {
			isa = PBXGroup;
			children = (
				81688578204FE03F00932943 /* controller */,
				81688579204FE03F00932943 /* model */,
				8168857A204FE03F00932943 /* view */,
			);
			path = delegate;
			sourceTree = "<group>";
		};
		81688578204FE03F00932943 /* controller */ = {
			isa = PBXGroup;
			children = (
				8168857B204FE05000932943 /* HBXDelegateViewController.h */,
				8168857C204FE05000932943 /* HBXDelegateViewController.m */,
			);
			path = controller;
			sourceTree = "<group>";
		};
		81688579204FE03F00932943 /* model */ = {
			isa = PBXGroup;
			children = (
				8168857E204FE6AD00932943 /* Person.h */,
				8168857F204FE6AD00932943 /* Person.m */,
			);
			path = model;
			sourceTree = "<group>";
		};
		8168857A204FE03F00932943 /* view */ = {
			isa = PBXGroup;
			children = (
			);
			path = view;
			sourceTree = "<group>";
		};
		817CE9121FEB971C008CC630 /* mainController */ = {
			isa = PBXGroup;
			children = (
				817CE9131FEB971C008CC630 /* controller */,
				817CE9141FEB971C008CC630 /* model */,
				817CE9151FEB971C008CC630 /* view */,
			);
			path = mainController;
			sourceTree = "<group>";
		};
		817CE9131FEB971C008CC630 /* controller */ = {
			isa = PBXGroup;
			children = (
				813743E31FEB5D4600857CFD /* MainViewController.h */,
				813743E41FEB5D4600857CFD /* MainViewController.m */,
			);
			path = controller;
			sourceTree = "<group>";
		};
		817CE9141FEB971C008CC630 /* model */ = {
			isa = PBXGroup;
			children = (
			);
			path = model;
			sourceTree = "<group>";
		};
		817CE9151FEB971C008CC630 /* view */ = {
			isa = PBXGroup;
			children = (
			);
			path = view;
			sourceTree = "<group>";
		};
		817CE9161FEB979A008CC630 /* source */ = {
			isa = PBXGroup;
			children = (
			);
			path = source;
			sourceTree = "<group>";
		};
		81B37FBC20469DEF006B1092 /* Socket */ = {
			isa = PBXGroup;
			children = (
				81B37FBD20469DEF006B1092 /* controller */,
				81B37FBE20469DEF006B1092 /* model */,
				81B37FBF20469DEF006B1092 /* view */,
			);
			path = Socket;
			sourceTree = "<group>";
		};
		81B37FBD20469DEF006B1092 /* controller */ = {
			isa = PBXGroup;
			children = (
				81B37FC02046A1E6006B1092 /* SocketViewController.h */,
				81B37FC12046A1E6006B1092 /* SocketViewController.m */,
			);
			path = controller;
			sourceTree = "<group>";
		};
		81B37FBE20469DEF006B1092 /* model */ = {
			isa = PBXGroup;
			children = (
			);
			path = model;
			sourceTree = "<group>";
		};
		81B37FBF20469DEF006B1092 /* view */ = {
			isa = PBXGroup;
			children = (
			);
			path = view;
			sourceTree = "<group>";
		};
		81B5A2F01FEE8AF10048D4B3 /* KVCAndKVO */ = {
			isa = PBXGroup;
			children = (
				81B5A2F11FEE8B1A0048D4B3 /* KVCAndKVOViewController.h */,
				81B5A2F21FEE8B1A0048D4B3 /* KVCAndKVOViewController.m */,
				81B5A2F41FEE8B5C0048D4B3 /* Person.h */,
				81B5A2F51FEE8B5C0048D4B3 /* Person.m */,
				81B5A2F71FEE8DE40048D4B3 /* Dog.h */,
				81B5A2F81FEE8DE40048D4B3 /* Dog.m */,
				81B5A2FA1FEE918B0048D4B3 /* NSObject+BaoXianKVC.h */,
				81B5A2FB1FEE918B0048D4B3 /* NSObject+BaoXianKVC.m */,
			);
			path = KVCAndKVO;
			sourceTree = "<group>";
		};
		81E66DCF1FF51DEE0077CCCB /* RunTimeViewController */ = {
			isa = PBXGroup;
			children = (
				81E66DD01FF51DEE0077CCCB /* controller */,
				81E66DD11FF51DEE0077CCCB /* model */,
				81E66DD21FF51DEE0077CCCB /* view */,
			);
			path = RunTimeViewController;
			sourceTree = "<group>";
		};
		81E66DD01FF51DEE0077CCCB /* controller */ = {
			isa = PBXGroup;
			children = (
				81E66DD31FF51E360077CCCB /* RunViewController.h */,
				81E66DD41FF51E360077CCCB /* RunViewController.m */,
			);
			path = controller;
			sourceTree = "<group>";
		};
		81E66DD11FF51DEE0077CCCB /* model */ = {
			isa = PBXGroup;
			children = (
				81E66DD61FF51E530077CCCB /* Persion.h */,
				81E66DD71FF51E530077CCCB /* Persion.m */,
			);
			path = model;
			sourceTree = "<group>";
		};
		81E66DD21FF51DEE0077CCCB /* view */ = {
			isa = PBXGroup;
			children = (
			);
			path = view;
			sourceTree = "<group>";
		};
/* End PBXGroup section */

/* Begin PBXNativeTarget section */
		813743C91FEB5AC100857CFD /* iOSTheRoadToTheAdvanced */ = {
			isa = PBXNativeTarget;
			buildConfigurationList = 813743E01FEB5AC200857CFD /* Build configuration list for PBXNativeTarget "iOSTheRoadToTheAdvanced" */;
			buildPhases = (
				813743C61FEB5AC100857CFD /* Sources */,
				813743C71FEB5AC100857CFD /* Frameworks */,
				813743C81FEB5AC100857CFD /* Resources */,
			);
			buildRules = (
			);
			dependencies = (
			);
			name = iOSTheRoadToTheAdvanced;
			productName = iOSTheRoadToTheAdvanced;
			productReference = 813743CA1FEB5AC100857CFD /* iOSTheRoadToTheAdvanced.app */;
			productType = "com.apple.product-type.application";
		};
/* End PBXNativeTarget section */

/* Begin PBXProject section */
		813743C21FEB5AC100857CFD /* Project object */ = {
			isa = PBXProject;
			attributes = {
				LastUpgradeCheck = 0920;
				ORGANIZATIONNAME = "黄保贤";
				TargetAttributes = {
					813743C91FEB5AC100857CFD = {
						CreatedOnToolsVersion = 9.2;
						ProvisioningStyle = Automatic;
					};
				};
			};
			buildConfigurationList = 813743C51FEB5AC100857CFD /* Build configuration list for PBXProject "iOSTheRoadToTheAdvanced" */;
			compatibilityVersion = "Xcode 8.0";
			developmentRegion = en;
			hasScannedForEncodings = 0;
			knownRegions = (
				en,
				Base,
			);
			mainGroup = 813743C11FEB5AC100857CFD;
			productRefGroup = 813743CB1FEB5AC100857CFD /* Products */;
			projectDirPath = "";
			projectRoot = "";
			targets = (
				813743C91FEB5AC100857CFD /* iOSTheRoadToTheAdvanced */,
			);
		};
/* End PBXProject section */

/* Begin PBXResourcesBuildPhase section */
		813743C81FEB5AC100857CFD /* Resources */ = {
			isa = PBXResourcesBuildPhase;
			buildActionMask = 2147483647;
			files = (
				81688588204FEB1B00932943 /* read4.json in Resources */,
				813743D71FEB5AC200857CFD /* Assets.xcassets in Resources */,
				8168858A204FEB1B00932943 /* 知识点消息转发.json in Resources */,
				81688587204FEB1B00932943 /* read3.json in Resources */,
				8168858B204FEB1B00932943 /* read6.json in Resources */,
				81E020DE1FEB9C99009709AA /* MENU.JSON in Resources */,
				8168858C204FEB1B00932943 /* read5.json in Resources */,
				81E020DB1FEB98E9009709AA /* controllerConfig.json in Resources */,
				81688589204FEB1B00932943 /* 堆栈关系.json in Resources */,
			);
			runOnlyForDeploymentPostprocessing = 0;
		};
/* End PBXResourcesBuildPhase section */

/* Begin PBXSourcesBuildPhase section */
		813743C61FEB5AC100857CFD /* Sources */ = {
			isa = PBXSourcesBuildPhase;
			buildActionMask = 2147483647;
			files = (
				81E020E21FEC9FAE009709AA /* ThreadViewController.m in Sources */,
				813743D21FEB5AC200857CFD /* ViewController.m in Sources */,
				81688580204FE6AD00932943 /* Person.m in Sources */,
				81E66DD51FF51E360077CCCB /* RunViewController.m in Sources */,
				81688576204FD29400932943 /* DesignMViewController.m in Sources */,
				81B5A2F91FEE8DE40048D4B3 /* Dog.m in Sources */,
				81B5A2F31FEE8B1A0048D4B3 /* KVCAndKVOViewController.m in Sources */,
				81688573204EAB3500932943 /* DesignClassViewController.m in Sources */,
				813743E81FEB5F0900857CFD /* RunLoopViewController.m in Sources */,
				81B5A2FC1FEE918B0048D4B3 /* NSObject+BaoXianKVC.m in Sources */,
				8162A5461FECFDAC007E5AAC /* BaoXianOperation.m in Sources */,
				8168857D204FE05000932943 /* HBXDelegateViewController.m in Sources */,
				813743DD1FEB5AC200857CFD /* main.m in Sources */,
				8168856F204E41E500932943 /* DesignPatternsViewController.m in Sources */,
				81B37FC22046A1E6006B1092 /* SocketViewController.m in Sources */,
				81B5A2F61FEE8B5C0048D4B3 /* Person.m in Sources */,
				813743CF1FEB5AC200857CFD /* AppDelegate.m in Sources */,
				81E66DD81FF51E530077CCCB /* Persion.m in Sources */,
				813743E51FEB5D4600857CFD /* MainViewController.m in Sources */,
			);
			runOnlyForDeploymentPostprocessing = 0;
		};
/* End PBXSourcesBuildPhase section */

/* Begin XCBuildConfiguration section */
		813743DE1FEB5AC200857CFD /* Debug */ = {
			isa = XCBuildConfiguration;
			buildSettings = {
				ALWAYS_SEARCH_USER_PATHS = NO;
				CLANG_ANALYZER_NONNULL = YES;
				CLANG_ANALYZER_NUMBER_OBJECT_CONVERSION = YES_AGGRESSIVE;
				CLANG_CXX_LANGUAGE_STANDARD = "gnu++14";
				CLANG_CXX_LIBRARY = "libc++";
				CLANG_ENABLE_MODULES = YES;
				CLANG_ENABLE_OBJC_ARC = YES;
				CLANG_WARN_BLOCK_CAPTURE_AUTORELEASING = YES;
				CLANG_WARN_BOOL_CONVERSION = YES;
				CLANG_WARN_COMMA = YES;
				CLANG_WARN_CONSTANT_CONVERSION = YES;
				CLANG_WARN_DIRECT_OBJC_ISA_USAGE = YES_ERROR;
				CLANG_WARN_DOCUMENTATION_COMMENTS = YES;
				CLANG_WARN_EMPTY_BODY = YES;
				CLANG_WARN_ENUM_CONVERSION = YES;
				CLANG_WARN_INFINITE_RECURSION = YES;
				CLANG_WARN_INT_CONVERSION = YES;
				CLANG_WARN_NON_LITERAL_NULL_CONVERSION = YES;
				CLANG_WARN_OBJC_LITERAL_CONVERSION = YES;
				CLANG_WARN_OBJC_ROOT_CLASS = YES_ERROR;
				CLANG_WARN_RANGE_LOOP_ANALYSIS = YES;
				CLANG_WARN_STRICT_PROTOTYPES = YES;
				CLANG_WARN_SUSPICIOUS_MOVE = YES;
				CLANG_WARN_UNGUARDED_AVAILABILITY = YES_AGGRESSIVE;
				CLANG_WARN_UNREACHABLE_CODE = YES;
				CLANG_WARN__DUPLICATE_METHOD_MATCH = YES;
				CODE_SIGN_IDENTITY = "iPhone Developer";
				COPY_PHASE_STRIP = NO;
				DEBUG_INFORMATION_FORMAT = dwarf;
				ENABLE_STRICT_OBJC_MSGSEND = YES;
				ENABLE_TESTABILITY = YES;
				GCC_C_LANGUAGE_STANDARD = gnu11;
				GCC_DYNAMIC_NO_PIC = NO;
				GCC_NO_COMMON_BLOCKS = YES;
				GCC_OPTIMIZATION_LEVEL = 0;
				GCC_PREPROCESSOR_DEFINITIONS = (
					"DEBUG=1",
					"$(inherited)",
				);
				GCC_WARN_64_TO_32_BIT_CONVERSION = YES;
				GCC_WARN_ABOUT_RETURN_TYPE = YES_ERROR;
				GCC_WARN_UNDECLARED_SELECTOR = YES;
				GCC_WARN_UNINITIALIZED_AUTOS = YES_AGGRESSIVE;
				GCC_WARN_UNUSED_FUNCTION = YES;
				GCC_WARN_UNUSED_VARIABLE = YES;
				IPHONEOS_DEPLOYMENT_TARGET = 8.3;
				MTL_ENABLE_DEBUG_INFO = YES;
				ONLY_ACTIVE_ARCH = YES;
				SDKROOT = iphoneos;
			};
			name = Debug;
		};
		813743DF1FEB5AC200857CFD /* Release */ = {
			isa = XCBuildConfiguration;
			buildSettings = {
				ALWAYS_SEARCH_USER_PATHS = NO;
				CLANG_ANALYZER_NONNULL = YES;
				CLANG_ANALYZER_NUMBER_OBJECT_CONVERSION = YES_AGGRESSIVE;
				CLANG_CXX_LANGUAGE_STANDARD = "gnu++14";
				CLANG_CXX_LIBRARY = "libc++";
				CLANG_ENABLE_MODULES = YES;
				CLANG_ENABLE_OBJC_ARC = YES;
				CLANG_WARN_BLOCK_CAPTURE_AUTORELEASING = YES;
				CLANG_WARN_BOOL_CONVERSION = YES;
				CLANG_WARN_COMMA = YES;
				CLANG_WARN_CONSTANT_CONVERSION = YES;
				CLANG_WARN_DIRECT_OBJC_ISA_USAGE = YES_ERROR;
				CLANG_WARN_DOCUMENTATION_COMMENTS = YES;
				CLANG_WARN_EMPTY_BODY = YES;
				CLANG_WARN_ENUM_CONVERSION = YES;
				CLANG_WARN_INFINITE_RECURSION = YES;
				CLANG_WARN_INT_CONVERSION = YES;
				CLANG_WARN_NON_LITERAL_NULL_CONVERSION = YES;
				CLANG_WARN_OBJC_LITERAL_CONVERSION = YES;
				CLANG_WARN_OBJC_ROOT_CLASS = YES_ERROR;
				CLANG_WARN_RANGE_LOOP_ANALYSIS = YES;
				CLANG_WARN_STRICT_PROTOTYPES = YES;
				CLANG_WARN_SUSPICIOUS_MOVE = YES;
				CLANG_WARN_UNGUARDED_AVAILABILITY = YES_AGGRESSIVE;
				CLANG_WARN_UNREACHABLE_CODE = YES;
				CLANG_WARN__DUPLICATE_METHOD_MATCH = YES;
				CODE_SIGN_IDENTITY = "iPhone Developer";
				COPY_PHASE_STRIP = NO;
				DEBUG_INFORMATION_FORMAT = "dwarf-with-dsym";
				ENABLE_NS_ASSERTIONS = NO;
				ENABLE_STRICT_OBJC_MSGSEND = YES;
				GCC_C_LANGUAGE_STANDARD = gnu11;
				GCC_NO_COMMON_BLOCKS = YES;
				GCC_WARN_64_TO_32_BIT_CONVERSION = YES;
				GCC_WARN_ABOUT_RETURN_TYPE = YES_ERROR;
				GCC_WARN_UNDECLARED_SELECTOR = YES;
				GCC_WARN_UNINITIALIZED_AUTOS = YES_AGGRESSIVE;
				GCC_WARN_UNUSED_FUNCTION = YES;
				GCC_WARN_UNUSED_VARIABLE = YES;
				IPHONEOS_DEPLOYMENT_TARGET = 8.3;
				MTL_ENABLE_DEBUG_INFO = NO;
				SDKROOT = iphoneos;
				VALIDATE_PRODUCT = YES;
			};
			name = Release;
		};
		813743E11FEB5AC200857CFD /* Debug */ = {
			isa = XCBuildConfiguration;
			buildSettings = {
				ASSETCATALOG_COMPILER_APPICON_NAME = AppIcon;
				CODE_SIGN_STYLE = Automatic;
				ENABLE_STRICT_OBJC_MSGSEND = NO;
				INFOPLIST_FILE = iOSTheRoadToTheAdvanced/Info.plist;
				LD_RUNPATH_SEARCH_PATHS = "$(inherited) @executable_path/Frameworks";
				PRODUCT_BUNDLE_IDENTIFIER = com.hbx.iOSTheRoadToTheAdvanced;
				PRODUCT_NAME = "$(TARGET_NAME)";
				TARGETED_DEVICE_FAMILY = 1;
			};
			name = Debug;
		};
		813743E21FEB5AC200857CFD /* Release */ = {
			isa = XCBuildConfiguration;
			buildSettings = {
				ASSETCATALOG_COMPILER_APPICON_NAME = AppIcon;
				CODE_SIGN_STYLE = Automatic;
				ENABLE_STRICT_OBJC_MSGSEND = NO;
				INFOPLIST_FILE = iOSTheRoadToTheAdvanced/Info.plist;
				LD_RUNPATH_SEARCH_PATHS = "$(inherited) @executable_path/Frameworks";
				PRODUCT_BUNDLE_IDENTIFIER = com.hbx.iOSTheRoadToTheAdvanced;
				PRODUCT_NAME = "$(TARGET_NAME)";
				TARGETED_DEVICE_FAMILY = 1;
			};
			name = Release;
		};
/* End XCBuildConfiguration section */

/* Begin XCConfigurationList section */
		813743C51FEB5AC100857CFD /* Build configuration list for PBXProject "iOSTheRoadToTheAdvanced" */ = {
			isa = XCConfigurationList;
			buildConfigurations = (
				813743DE1FEB5AC200857CFD /* Debug */,
				813743DF1FEB5AC200857CFD /* Release */,
			);
			defaultConfigurationIsVisible = 0;
			defaultConfigurationName = Release;
		};
		813743E01FEB5AC200857CFD /* Build configuration list for PBXNativeTarget "iOSTheRoadToTheAdvanced" */ = {
			isa = XCConfigurationList;
			buildConfigurations = (
				813743E11FEB5AC200857CFD /* Debug */,
				813743E21FEB5AC200857CFD /* Release */,
			);
			defaultConfigurationIsVisible = 0;
			defaultConfigurationName = Release;
		};
/* End XCConfigurationList section */
	};
	rootObject = 813743C21FEB5AC100857CFD /* Project object */;
}
